// !$*UTF8*$!
{
	archiveVersion = 1;
	classes = {
	};
	objectVersion = 46;
	objects = {

/* Begin PBXBuildFile section */
		F631A8101E2D576F00112A64 /* main.swift in Sources */ = {isa = PBXBuildFile; fileRef = F631A80F1E2D576F00112A64 /* main.swift */; };
		F6D0E4161E3A333100D62419 /* PlayGame.swift in Sources */ = {isa = PBXBuildFile; fileRef = F6D0E4151E3A333100D62419 /* PlayGame.swift */; };
		F6D0E4181E3A335E00D62419 /* cardDeck.swift in Sources */ = {isa = PBXBuildFile; fileRef = F6D0E4171E3A335E00D62419 /* cardDeck.swift */; };
		F6D0E41A1E3A343D00D62419 /* card.swift in Sources */ = {isa = PBXBuildFile; fileRef = F6D0E4191E3A343D00D62419 /* card.swift */; };
		F6D0E41C1E3A3E5A00D62419 /* userResponse.swift in Sources */ = {isa = PBXBuildFile; fileRef = F6D0E41B1E3A3E5A00D62419 /* userResponse.swift */; };
/* End PBXBuildFile section */

/* Begin PBXCopyFilesBuildPhase section */
		F631A80A1E2D576E00112A64 /* CopyFiles */ = {
			isa = PBXCopyFilesBuildPhase;
			buildActionMask = 2147483647;
			dstPath = /usr/share/man/man1/;
			dstSubfolderSpec = 0;
			files = (
			);
			runOnlyForDeploymentPostprocessing = 1;
		};
/* End PBXCopyFilesBuildPhase section */

/* Begin PBXFileReference section */
		F631A80C1E2D576F00112A64 /* ProbabilityModelling */ = {isa = PBXFileReference; explicitFileType = "compiled.mach-o.executable"; includeInIndex = 0; path = ProbabilityModelling; sourceTree = BUILT_PRODUCTS_DIR; };
		F631A80F1E2D576F00112A64 /* main.swift */ = {isa = PBXFileReference; lastKnownFileType = sourcecode.swift; path = main.swift; sourceTree = "<group>"; };
		F6D0E4151E3A333100D62419 /* PlayGame.swift */ = {isa = PBXFileReference; fileEncoding = 4; lastKnownFileType = sourcecode.swift; path = PlayGame.swift; sourceTree = "<group>"; };
		F6D0E4171E3A335E00D62419 /* cardDeck.swift */ = {isa = PBXFileReference; fileEncoding = 4; lastKnownFileType = sourcecode.swift; path = cardDeck.swift; sourceTree = "<group>"; };
		F6D0E4191E3A343D00D62419 /* card.swift */ = {isa = PBXFileReference; fileEncoding = 4; lastKnownFileType = sourcecode.swift; path = card.swift; sourceTree = "<group>"; };
		F6D0E41B1E3A3E5A00D62419 /* userResponse.swift */ = {isa = PBXFileReference; fileEncoding = 4; lastKnownFileType = sourcecode.swift; path = userResponse.swift; sourceTree = "<group>"; };
/* End PBXFileReference section */

/* Begin PBXFrameworksBuildPhase section */
		F631A8091E2D576E00112A64 /* Frameworks */ = {
			isa = PBXFrameworksBuildPhase;
			buildActionMask = 2147483647;
			files = (
			);
			runOnlyForDeploymentPostprocessing = 0;
		};
/* End PBXFrameworksBuildPhase section */

/* Begin PBXGroup section */
		F631A8031E2D576E00112A64 = {
			isa = PBXGroup;
			children = (
				F631A80E1E2D576F00112A64 /* ProbabilityModelling */,
				F631A80D1E2D576F00112A64 /* Products */,
			);
			sourceTree = "<group>";
		};
		F631A80D1E2D576F00112A64 /* Products */ = {
			isa = PBXGroup;
			children = (
				F631A80C1E2D576F00112A64 /* ProbabilityModelling */,
			);
			name = Products;
			sourceTree = "<group>";
		};
		F631A80E1E2D576F00112A64 /* ProbabilityModelling */ = {
			isa = PBXGroup;
			children = (
				F631A80F1E2D576F00112A64 /* main.swift */,
				F6D0E41B1E3A3E5A00D62419 /* userResponse.swift */,
				F6D0E4191E3A343D00D62419 /* card.swift */,
				F6D0E4171E3A335E00D62419 /* cardDeck.swift */,
				F6D0E4151E3A333100D62419 /* PlayGame.swift */,
			);
			path = ProbabilityModelling;
			sourceTree = "<group>";
		};
/* End PBXGroup section */

/* Begin PBXNativeTarget section */
		F631A80B1E2D576E00112A64 /* ProbabilityModelling */ = {
			isa = PBXNativeTarget;
			buildConfigurationList = F631A8131E2D576F00112A64 /* Build configuration list for PBXNativeTarget "ProbabilityModelling" */;
			buildPhases = (
				F631A8081E2D576E00112A64 /* Sources */,
				F631A8091E2D576E00112A64 /* Frameworks */,
				F631A80A1E2D576E00112A64 /* CopyFiles */,
			);
			buildRules = (
			);
			dependencies = (
			);
			name = ProbabilityModelling;
			productName = ProbabilityModelling;
			productReference = F631A80C1E2D576F00112A64 /* ProbabilityModelling */;
			productType = "com.apple.product-type.tool";
		};
/* End PBXNativeTarget section */

/* Begin PBXProject section */
		F631A8041E2D576E00112A64 /* Project object */ = {
			isa = PBXProject;
			attributes = {
				LastSwiftUpdateCheck = 0800;
				LastUpgradeCheck = 0800;
				ORGANIZATIONNAME = "Nicholas Jones";
				TargetAttributes = {
					F631A80B1E2D576E00112A64 = {
						CreatedOnToolsVersion = 8.0;
						ProvisioningStyle = Automatic;
					};
				};
			};
			buildConfigurationList = F631A8071E2D576E00112A64 /* Build configuration list for PBXProject "ProbabilityModelling" */;
			compatibilityVersion = "Xcode 3.2";
			developmentRegion = English;
			hasScannedForEncodings = 0;
			knownRegions = (
				en,
			);
			mainGroup = F631A8031E2D576E00112A64;
			productRefGroup = F631A80D1E2D576F00112A64 /* Products */;
			projectDirPath = "";
			projectRoot = "";
			targets = (
				F631A80B1E2D576E00112A64 /* ProbabilityModelling */,
			);
		};
/* End PBXProject section */

/* Begin PBXSourcesBuildPhase section */
		F631A8081E2D576E00112A64 /* Sources */ = {
			isa = PBXSourcesBuildPhase;
			buildActionMask = 2147483647;
			files = (
				F6D0E41C1E3A3E5A00D62419 /* userResponse.swift in Sources */,
				F631A8101E2D576F00112A64 /* main.swift in Sources */,
				F6D0E4161E3A333100D62419 /* PlayGame.swift in Sources */,
				F6D0E4181E3A335E00D62419 /* cardDeck.swift in Sources */,
				F6D0E41A1E3A343D00D62419 /* card.swift in Sources */,
			);
			runOnlyForDeploymentPostprocessing = 0;
		};
/* End PBXSourcesBuildPhase section */

/* Begin XCBuildConfiguration section */
		F631A8111E2D576F00112A64 /* Debug */ = {
			isa = XCBuildConfiguration;
			buildSettings = {
				ALWAYS_SEARCH_USER_PATHS = NO;
				CLANG_ANALYZER_NONNULL = YES;
				CLANG_CXX_LANGUAGE_STANDARD = "gnu++0x";
				CLANG_CXX_LIBRARY = "libc++";
				CLANG_ENABLE_MODULES = YES;
				CLANG_ENABLE_OBJC_ARC = YES;
				CLANG_WARN_BOOL_CONVERSION = YES;
				CLANG_WARN_CONSTANT_CONVERSION = YES;
				CLANG_WARN_DIRECT_OBJC_ISA_USAGE = YES_ERROR;
				CLANG_WARN_DOCUMENTATION_COMMENTS = YES;
				CLANG_WARN_EMPTY_BODY = YES;
				CLANG_WARN_ENUM_CONVERSION = YES;
				CLANG_WARN_INFINITE_RECURSION = YES;
				CLANG_WARN_INT_CONVERSION = YES;
				CLANG_WARN_OBJC_ROOT_CLASS = YES_ERROR;
				CLANG_WARN_SUSPICIOUS_MOVES = YES;
				CLANG_WARN_UNREACHABLE_CODE = YES;
				CLANG_WARN__DUPLICATE_METHOD_MATCH = YES;
				CODE_SIGN_IDENTITY = "-";
				COPY_PHASE_STRIP = NO;
				DEBUG_INFORMATION_FORMAT = dwarf;
				ENABLE_STRICT_OBJC_MSGSEND = YES;
				ENABLE_TESTABILITY = YES;
				GCC_C_LANGUAGE_STANDARD = gnu99;
				GCC_DYNAMIC_NO_PIC = NO;
				GCC_NO_COMMON_BLOCKS = YES;
				GCC_OPTIMIZATION_LEVEL = 0;
				GCC_PREPROCESSOR_DEFINITIONS = (
					"DEBUG=1",
					"$(inherited)",
				);
				GCC_WARN_64_TO_32_BIT_CONVERSION = YES;
				GCC_WARN_ABOUT_RETURN_TYPE = YES_ERROR;
				GCC_WARN_UNDECLARED_SELECTOR = YES;
				GCC_WARN_UNINITIALIZED_AUTOS = YES_AGGRESSIVE;
				GCC_WARN_UNUSED_FUNCTION = YES;
				GCC_WARN_UNUSED_VARIABLE = YES;
				MACOSX_DEPLOYMENT_TARGET = 10.11;
				MTL_ENABLE_DEBUG_INFO = YES;
				ONLY_ACTIVE_ARCH = YES;
				SDKROOT = macosx;
				SWIFT_OPTIMIZATION_LEVEL = "-Onone";
			};
			name = Debug;
		};
		F631A8121E2D576F00112A64 /* Release */ = {
			isa = XCBuildConfiguration;
			buildSettings = {
				ALWAYS_SEARCH_USER_PATHS = NO;
				CLANG_ANALYZER_NONNULL = YES;
				CLANG_CXX_LANGUAGE_STANDARD = "gnu++0x";
				CLANG_CXX_LIBRARY = "libc++";
				CLANG_ENABLE_MODULES = YES;
				CLANG_ENABLE_OBJC_ARC = YES;
				CLANG_WARN_BOOL_CONVERSION = YES;
				CLANG_WARN_CONSTANT_CONVERSION = YES;
				CLANG_WARN_DIRECT_OBJC_ISA_USAGE = YES_ERROR;
				CLANG_WARN_DOCUMENTATION_COMMENTS = YES;
				CLANG_WARN_EMPTY_BODY = YES;
				CLANG_WARN_ENUM_CONVERSION = YES;
				CLANG_WARN_INFINITE_RECURSION = YES;
				CLANG_WARN_INT_CONVERSION = YES;
				CLANG_WARN_OBJC_ROOT_CLASS = YES_ERROR;
				CLANG_WARN_SUSPICIOUS_MOVES = YES;
				CLANG_WARN_UNREACHABLE_CODE = YES;
				CLANG_WARN__DUPLICATE_METHOD_MATCH = YES;
				CODE_SIGN_IDENTITY = "-";
				COPY_PHASE_STRIP = NO;
				DEBUG_INFORMATION_FORMAT = "dwarf-with-dsym";
				ENABLE_NS_ASSERTIONS = NO;
				ENABLE_STRICT_OBJC_MSGSEND = YES;
				GCC_C_LANGUAGE_STANDARD = gnu99;
				GCC_NO_COMMON_BLOCKS = YES;
				GCC_WARN_64_TO_32_BIT_CONVERSION = YES;
				GCC_WARN_ABOUT_RETURN_TYPE = YES_ERROR;
				GCC_WARN_UNDECLARED_SELECTOR = YES;
				GCC_WARN_UNINITIALIZED_AUTOS = YES_AGGRESSIVE;
				GCC_WARN_UNUSED_FUNCTION = YES;
				GCC_WARN_UNUSED_VARIABLE = YES;
				MACOSX_DEPLOYMENT_TARGET = 10.11;
				MTL_ENABLE_DEBUG_INFO = NO;
				SDKROOT = macosx;
			};
			name = Release;
		};
		F631A8141E2D576F00112A64 /* Debug */ = {
			isa = XCBuildConfiguration;
			buildSettings = {
				PRODUCT_NAME = "$(TARGET_NAME)";
				SWIFT_VERSION = 3.0;
			};
			name = Debug;
		};
		F631A8151E2D576F00112A64 /* Release */ = {
			isa = XCBuildConfiguration;
			buildSettings = {
				PRODUCT_NAME = "$(TARGET_NAME)";
				SWIFT_VERSION = 3.0;
			};
			name = Release;
		};
/* End XCBuildConfiguration section */

/* Begin XCConfigurationList section */
		F631A8071E2D576E00112A64 /* Build configuration list for PBXProject "ProbabilityModelling" */ = {
			isa = XCConfigurationList;
			buildConfigurations = (
				F631A8111E2D576F00112A64 /* Debug */,
				F631A8121E2D576F00112A64 /* Release */,
			);
			defaultConfigurationIsVisible = 0;
			defaultConfigurationName = Release;
		};
		F631A8131E2D576F00112A64 /* Build configuration list for PBXNativeTarget "ProbabilityModelling" */ = {
			isa = XCConfigurationList;
			buildConfigurations = (
				F631A8141E2D576F00112A64 /* Debug */,
				F631A8151E2D576F00112A64 /* Release */,
			);
			defaultConfigurationIsVisible = 0;
			defaultConfigurationName = Release;
		};
/* End XCConfigurationList section */
	};
	rootObject = F631A8041E2D576E00112A64 /* Project object */;
}
